
Microsoft Visual Studio Solution File, Format Version 12.00
# Visual Studio Version 16
VisualStudioVersion = 16.0.30709.132
MinimumVisualStudioVersion = 10.0.40219.1
Project("{FAE04EC0-301F-11D3-BF4B-00C04F79EFBC}") = "Solutions", "Solutions\Solutions.csproj", "{9E945056-DA5F-4748-AFB5-CCBA33E4D24D}"
EndProject
Project("{FAE04EC0-301F-11D3-BF4B-00C04F79EFBC}") = "Inputs", "Inputs\Inputs.csproj", "{83000892-557A-4ED5-820D-7E3DDA3FB257}"
EndProject
Project("{FAE04EC0-301F-11D3-BF4B-00C04F79EFBC}") = "Library", "Library\Library.csproj", "{8133F761-07AD-4083-A292-8266CF7F632E}"
EndProject
Global
	GlobalSection(SolutionConfigurationPlatforms) = preSolution
		Debug|Any CPU = Debug|Any CPU
		Release|Any CPU = Release|Any CPU
	EndGlobalSection
	GlobalSection(ProjectConfigurationPlatforms) = postSolution
		{9E945056-DA5F-4748-AFB5-CCBA33E4D24D}.Debug|Any CPU.ActiveCfg = Debug|Any CPU
		{9E945056-DA5F-4748-AFB5-CCBA33E4D24D}.Debug|Any CPU.Build.0 = Debug|Any CPU
		{9E945056-DA5F-4748-AFB5-CCBA33E4D24D}.Release|Any CPU.ActiveCfg = Release|Any CPU
		{9E945056-DA5F-4748-AFB5-CCBA33E4D24D}.Release|Any CPU.Build.0 = Release|Any CPU
		{83000892-557A-4ED5-820D-7E3DDA3FB257}.Debug|Any CPU.ActiveCfg = Debug|Any CPU
		{83000892-557A-4ED5-820D-7E3DDA3FB257}.Debug|Any CPU.Build.0 = Debug|Any CPU
		{83000892-557A-4ED5-820D-7E3DDA3FB257}.Release|Any CPU.ActiveCfg = Release|Any CPU
		{83000892-557A-4ED5-820D-7E3DDA3FB257}.Release|Any CPU.Build.0 = Release|Any CPU
		{8133F761-07AD-4083-A292-8266CF7F632E}.Debug|Any CPU.ActiveCfg = Debug|Any CPU
		{8133F761-07AD-4083-A292-8266CF7F632E}.Debug|Any CPU.Build.0 = Debug|Any CPU
		{8133F761-07AD-4083-A292-8266CF7F632E}.Release|Any CPU.ActiveCfg = Release|Any CPU
		{8133F761-07AD-4083-A292-8266CF7F632E}.Release|Any CPU.Build.0 = Release|Any CPU
	EndGlobalSection
	GlobalSection(SolutionProperties) = preSolution
		HideSolutionNode = FALSE
	EndGlobalSection
	GlobalSection(ExtensibilityGlobals) = postSolution
		SolutionGuid = {452D7EAF-814C-422C-95BF-69FC816A9159}
	EndGlobalSection
EndGlobal
